// !$*UTF8*$!
{
	archiveVersion = 1;
	classes = {
	};
	objectVersion = 44;
	objects = {

/* Begin PBXAggregateTarget section */
		BC5866EE0FF27CE200F7BD9E /* Update build numbers */ = {
			isa = PBXAggregateTarget;
			buildConfigurationList = BC5866F10FF27D1D00F7BD9E /* Build configuration list for PBXAggregateTarget "Update build numbers" */;
			buildPhases = (
				BC5866ED0FF27CE200F7BD9E /* ShellScript */,
			);
			dependencies = (
			);
			name = "Update build numbers";
			productName = "Update build numbers";
		};
/* End PBXAggregateTarget section */

/* Begin PBXBuildFile section */
		8DD76F9A0486AA7600D96B5E /* main.m in Sources */ = {isa = PBXBuildFile; fileRef = 08FB7796FE84155DC02AAC07 /* main.m */; settings = {ATTRIBUTES = (); }; };
		8DD76F9C0486AA7600D96B5E /* Foundation.framework in Frameworks */ = {isa = PBXBuildFile; fileRef = 08FB779EFE84155DC02AAC07 /* Foundation.framework */; };
		BC12F34B0D07503300C844E9 /* Carbon.framework in Frameworks */ = {isa = PBXBuildFile; fileRef = BC12F34A0D07503300C844E9 /* Carbon.framework */; };
		BC585A110FEFF4D000F7BD9E /* NSMutableString+WOEditingUtilities.m in Sources */ = {isa = PBXBuildFile; fileRef = BC5859FE0FEFF4B000F7BD9E /* NSMutableString+WOEditingUtilities.m */; };
		BC585A120FEFF4D000F7BD9E /* NSString+WOCreation.m in Sources */ = {isa = PBXBuildFile; fileRef = BC585A070FEFF4B000F7BD9E /* NSString+WOCreation.m */; };
		BC585A130FEFF4D000F7BD9E /* NSString+WOFileUtilities.m in Sources */ = {isa = PBXBuildFile; fileRef = BC585A060FEFF4B000F7BD9E /* NSString+WOFileUtilities.m */; };
		BC585A140FEFF4D000F7BD9E /* WOLoginItem.m in Sources */ = {isa = PBXBuildFile; fileRef = BC585A0B0FEFF4B000F7BD9E /* WOLoginItem.m */; };
		BC585A150FEFF4D000F7BD9E /* WOLoginItemList.m in Sources */ = {isa = PBXBuildFile; fileRef = BC585A080FEFF4B000F7BD9E /* WOLoginItemList.m */; };
		BC585A160FEFF4D000F7BD9E /* WOLogManager.m in Sources */ = {isa = PBXBuildFile; fileRef = BC585A030FEFF4B000F7BD9E /* WOLogManager.m */; };
		BC585A170FEFF4D000F7BD9E /* WOObject.m in Sources */ = {isa = PBXBuildFile; fileRef = BC585A020FEFF4B000F7BD9E /* WOObject.m */; };
/* End PBXBuildFile section */

/* Begin PBXFileReference section */
		08FB7796FE84155DC02AAC07 /* main.m */ = {isa = PBXFileReference; fileEncoding = 4; lastKnownFileType = sourcecode.c.objc; path = main.m; sourceTree = "<group>"; };
		08FB779EFE84155DC02AAC07 /* Foundation.framework */ = {isa = PBXFileReference; lastKnownFileType = wrapper.framework; name = Foundation.framework; path = /System/Library/Frameworks/Foundation.framework; sourceTree = "<absolute>"; };
		8DD76FA10486AA7600D96B5E /* login-tool */ = {isa = PBXFileReference; explicitFileType = "compiled.mach-o.executable"; includeInIndex = 0; path = "login-tool"; sourceTree = BUILT_PRODUCTS_DIR; };
		BC12F34A0D07503300C844E9 /* Carbon.framework */ = {isa = PBXFileReference; lastKnownFileType = wrapper.framework; name = Carbon.framework; path = /System/Library/Frameworks/Carbon.framework; sourceTree = "<absolute>"; };
		BC5859F90FEFF47000F7BD9E /* WOPublic */ = {isa = PBXFileReference; lastKnownFileType = folder; path = WOPublic; sourceTree = "<group>"; };
		BC5859FE0FEFF4B000F7BD9E /* NSMutableString+WOEditingUtilities.m */ = {isa = PBXFileReference; fileEncoding = 4; lastKnownFileType = sourcecode.c.objc; name = "NSMutableString+WOEditingUtilities.m"; path = "../../WOPublic/src/NSMutableString+WOEditingUtilities.m"; sourceTree = SOURCE_ROOT; };
		BC585A000FEFF4B000F7BD9E /* NSMutableString+WOEditingUtilities.h */ = {isa = PBXFileReference; fileEncoding = 4; lastKnownFileType = sourcecode.c.h; name = "NSMutableString+WOEditingUtilities.h"; path = "../../WOPublic/src/NSMutableString+WOEditingUtilities.h"; sourceTree = SOURCE_ROOT; };
		BC585A010FEFF4B000F7BD9E /* NSString+WOCreation.h */ = {isa = PBXFileReference; fileEncoding = 4; lastKnownFileType = sourcecode.c.h; name = "NSString+WOCreation.h"; path = "../../WOPublic/src/NSString+WOCreation.h"; sourceTree = SOURCE_ROOT; };
		BC585A020FEFF4B000F7BD9E /* WOObject.m */ = {isa = PBXFileReference; fileEncoding = 4; lastKnownFileType = sourcecode.c.objc; name = WOObject.m; path = ../../WOPublic/src/WOObject.m; sourceTree = SOURCE_ROOT; };
		BC585A030FEFF4B000F7BD9E /* WOLogManager.m */ = {isa = PBXFileReference; fileEncoding = 4; lastKnownFileType = sourcecode.c.objc; name = WOLogManager.m; path = ../../WOPublic/src/WOLogManager.m; sourceTree = SOURCE_ROOT; };
		BC585A040FEFF4B000F7BD9E /* WOLoginItem.h */ = {isa = PBXFileReference; fileEncoding = 4; lastKnownFileType = sourcecode.c.h; name = WOLoginItem.h; path = ../../WOPublic/src/WOLoginItem.h; sourceTree = SOURCE_ROOT; };
		BC585A060FEFF4B000F7BD9E /* NSString+WOFileUtilities.m */ = {isa = PBXFileReference; fileEncoding = 4; lastKnownFileType = sourcecode.c.objc; name = "NSString+WOFileUtilities.m"; path = "../../WOPublic/src/NSString+WOFileUtilities.m"; sourceTree = SOURCE_ROOT; };
		BC585A070FEFF4B000F7BD9E /* NSString+WOCreation.m */ = {isa = PBXFileReference; fileEncoding = 4; lastKnownFileType = sourcecode.c.objc; name = "NSString+WOCreation.m"; path = "../../WOPublic/src/NSString+WOCreation.m"; sourceTree = SOURCE_ROOT; };
		BC585A080FEFF4B000F7BD9E /* WOLoginItemList.m */ = {isa = PBXFileReference; fileEncoding = 4; lastKnownFileType = sourcecode.c.objc; name = WOLoginItemList.m; path = ../../WOPublic/src/WOLoginItemList.m; sourceTree = SOURCE_ROOT; };
		BC585A090FEFF4B000F7BD9E /* WOLogManager.h */ = {isa = PBXFileReference; fileEncoding = 4; lastKnownFileType = sourcecode.c.h; name = WOLogManager.h; path = ../../WOPublic/src/WOLogManager.h; sourceTree = SOURCE_ROOT; };
		BC585A0A0FEFF4B000F7BD9E /* WOLoginItemList.h */ = {isa = PBXFileReference; fileEncoding = 4; lastKnownFileType = sourcecode.c.h; name = WOLoginItemList.h; path = ../../WOPublic/src/WOLoginItemList.h; sourceTree = SOURCE_ROOT; };
		BC585A0B0FEFF4B000F7BD9E /* WOLoginItem.m */ = {isa = PBXFileReference; fileEncoding = 4; lastKnownFileType = sourcecode.c.objc; name = WOLoginItem.m; path = ../../WOPublic/src/WOLoginItem.m; sourceTree = SOURCE_ROOT; };
		BC585A0C0FEFF4B000F7BD9E /* WOObject.h */ = {isa = PBXFileReference; fileEncoding = 4; lastKnownFileType = sourcecode.c.h; name = WOObject.h; path = ../../WOPublic/src/WOObject.h; sourceTree = SOURCE_ROOT; };
		BC585A0D0FEFF4B000F7BD9E /* NSString+WOFileUtilities.h */ = {isa = PBXFileReference; fileEncoding = 4; lastKnownFileType = sourcecode.c.h; name = "NSString+WOFileUtilities.h"; path = "../../WOPublic/src/NSString+WOFileUtilities.h"; sourceTree = SOURCE_ROOT; };
		BC5866F80FF27E1F00F7BD9E /* login-tool_Version.h */ = {isa = PBXFileReference; fileEncoding = 4; lastKnownFileType = sourcecode.c.h; path = "login-tool_Version.h"; sourceTree = "<group>"; };
		BC5FA4BA0D06B68200A5957F /* base-style.xcconfig */ = {isa = PBXFileReference; fileEncoding = 4; lastKnownFileType = text.xcconfig; name = "base-style.xcconfig"; path = "../../buildtools/base-style.xcconfig"; sourceTree = SOURCE_ROOT; };
		BC5FA4BB0D06B68200A5957F /* debug-style.xcconfig */ = {isa = PBXFileReference; fileEncoding = 4; lastKnownFileType = text.xcconfig; name = "debug-style.xcconfig"; path = "../../buildtools/debug-style.xcconfig"; sourceTree = SOURCE_ROOT; };
		BC5FA4BC0D06B68200A5957F /* foundation-tool-target.xcconfig */ = {isa = PBXFileReference; fileEncoding = 4; lastKnownFileType = text.xcconfig; name = "foundation-tool-target.xcconfig"; path = "../../buildtools/foundation-tool-target.xcconfig"; sourceTree = SOURCE_ROOT; };
		BC5FA4BD0D06B68200A5957F /* release-style.xcconfig */ = {isa = PBXFileReference; fileEncoding = 4; lastKnownFileType = text.xcconfig; name = "release-style.xcconfig"; path = "../../buildtools/release-style.xcconfig"; sourceTree = SOURCE_ROOT; };
		C6859EA3029092ED04C91782 /* login-tool.1 */ = {isa = PBXFileReference; lastKnownFileType = text.man; path = "login-tool.1"; sourceTree = "<group>"; };
/* End PBXFileReference section */

/* Begin PBXFrameworksBuildPhase section */
		8DD76F9B0486AA7600D96B5E /* Frameworks */ = {
			isa = PBXFrameworksBuildPhase;
			buildActionMask = 2147483647;
			files = (
				8DD76F9C0486AA7600D96B5E /* Foundation.framework in Frameworks */,
				BC12F34B0D07503300C844E9 /* Carbon.framework in Frameworks */,
			);
			runOnlyForDeploymentPostprocessing = 0;
		};
/* End PBXFrameworksBuildPhase section */

/* Begin PBXGroup section */
		08FB7794FE84155DC02AAC07 /* login-tool */ = {
			isa = PBXGroup;
			children = (
				BC5859F90FEFF47000F7BD9E /* WOPublic */,
				BC5859FA0FEFF47300F7BD9E /* WOPublic */,
				BC5FA4B40D06B65600A5957F /* Configuration */,
				BC5866F70FF27DE200F7BD9E /* Headers */,
				08FB7795FE84155DC02AAC07 /* Source */,
				C6859EA2029092E104C91782 /* Documentation */,
				08FB779DFE84155DC02AAC07 /* External Frameworks and Libraries */,
				1AB674ADFE9D54B511CA2CBB /* Products */,
			);
			name = "login-tool";
			sourceTree = "<group>";
		};
		08FB7795FE84155DC02AAC07 /* Source */ = {
			isa = PBXGroup;
			children = (
				08FB7796FE84155DC02AAC07 /* main.m */,
			);
			name = Source;
			sourceTree = "<group>";
		};
		08FB779DFE84155DC02AAC07 /* External Frameworks and Libraries */ = {
			isa = PBXGroup;
			children = (
				BC12F34A0D07503300C844E9 /* Carbon.framework */,
				08FB779EFE84155DC02AAC07 /* Foundation.framework */,
			);
			name = "External Frameworks and Libraries";
			sourceTree = "<group>";
		};
		1AB674ADFE9D54B511CA2CBB /* Products */ = {
			isa = PBXGroup;
			children = (
				8DD76FA10486AA7600D96B5E /* login-tool */,
			);
			name = Products;
			sourceTree = "<group>";
		};
		BC5859FA0FEFF47300F7BD9E /* WOPublic */ = {
			isa = PBXGroup;
			children = (
				BC585A000FEFF4B000F7BD9E /* NSMutableString+WOEditingUtilities.h */,
				BC5859FE0FEFF4B000F7BD9E /* NSMutableString+WOEditingUtilities.m */,
				BC585A010FEFF4B000F7BD9E /* NSString+WOCreation.h */,
				BC585A070FEFF4B000F7BD9E /* NSString+WOCreation.m */,
				BC585A0D0FEFF4B000F7BD9E /* NSString+WOFileUtilities.h */,
				BC585A060FEFF4B000F7BD9E /* NSString+WOFileUtilities.m */,
				BC585A040FEFF4B000F7BD9E /* WOLoginItem.h */,
				BC585A0B0FEFF4B000F7BD9E /* WOLoginItem.m */,
				BC585A0A0FEFF4B000F7BD9E /* WOLoginItemList.h */,
				BC585A080FEFF4B000F7BD9E /* WOLoginItemList.m */,
				BC585A090FEFF4B000F7BD9E /* WOLogManager.h */,
				BC585A030FEFF4B000F7BD9E /* WOLogManager.m */,
				BC585A0C0FEFF4B000F7BD9E /* WOObject.h */,
				BC585A020FEFF4B000F7BD9E /* WOObject.m */,
			);
			name = WOPublic;
			sourceTree = "<group>";
		};
		BC5866F70FF27DE200F7BD9E /* Headers */ = {
			isa = PBXGroup;
			children = (
				BC5866F80FF27E1F00F7BD9E /* login-tool_Version.h */,
			);
			name = Headers;
			sourceTree = "<group>";
		};
		BC5FA4B40D06B65600A5957F /* Configuration */ = {
			isa = PBXGroup;
			children = (
				BC5FA4BA0D06B68200A5957F /* base-style.xcconfig */,
				BC5FA4BB0D06B68200A5957F /* debug-style.xcconfig */,
				BC5FA4BC0D06B68200A5957F /* foundation-tool-target.xcconfig */,
				BC5FA4BD0D06B68200A5957F /* release-style.xcconfig */,
			);
			name = Configuration;
			sourceTree = "<group>";
		};
		C6859EA2029092E104C91782 /* Documentation */ = {
			isa = PBXGroup;
			children = (
				C6859EA3029092ED04C91782 /* login-tool.1 */,
			);
			name = Documentation;
			sourceTree = "<group>";
		};
/* End PBXGroup section */

/* Begin PBXNativeTarget section */
		8DD76F960486AA7600D96B5E /* login-tool */ = {
			isa = PBXNativeTarget;
			buildConfigurationList = BC5FA4A90D06AF5000A5957F /* Build configuration list for PBXNativeTarget "login-tool" */;
			buildPhases = (
				8DD76F990486AA7600D96B5E /* Sources */,
				8DD76F9B0486AA7600D96B5E /* Frameworks */,
			);
			buildRules = (
			);
			dependencies = (
			);
			name = "login-tool";
			productInstallPath = "$(HOME)/bin";
			productName = "login-tool";
			productReference = 8DD76FA10486AA7600D96B5E /* login-tool */;
			productType = "com.apple.product-type.tool";
		};
/* End PBXNativeTarget section */

/* Begin PBXProject section */
		08FB7793FE84155DC02AAC07 /* Project object */ = {
			isa = PBXProject;
			buildConfigurationList = BC5FA4A80D06AF5000A5957F /* Build configuration list for PBXProject "login-tool" */;
			compatibilityVersion = "Xcode 3.0";
			hasScannedForEncodings = 1;
			mainGroup = 08FB7794FE84155DC02AAC07 /* login-tool */;
			projectDirPath = "";
			projectRoot = "";
			targets = (
				8DD76F960486AA7600D96B5E /* login-tool */,
				BC5866EE0FF27CE200F7BD9E /* Update build numbers */,
			);
		};
/* End PBXProject section */

/* Begin PBXShellScriptBuildPhase section */
		BC5866ED0FF27CE200F7BD9E /* ShellScript */ = {
			isa = PBXShellScriptBuildPhase;
			buildActionMask = 2147483647;
			files = (
			);
			inputPaths = (
			);
			outputPaths = (
			);
			runOnlyForDeploymentPostprocessing = 0;
			shellPath = /bin/sh;
			shellScript = "set -e\ncd \"${SOURCE_ROOT}\"\n\"${BUILDTOOLS_DIR}/UpdateGitRevisionNumbers.rb\"\n. \"${BUILDTOOLS_DIR}/UpdateBuildVersionNumbers.sh\" login-tool_Version.h";
		};
/* End PBXShellScriptBuildPhase section */

/* Begin PBXSourcesBuildPhase section */
		8DD76F990486AA7600D96B5E /* Sources */ = {
			isa = PBXSourcesBuildPhase;
			buildActionMask = 2147483647;
			files = (
				BC585A110FEFF4D000F7BD9E /* NSMutableString+WOEditingUtilities.m in Sources */,
				BC585A120FEFF4D000F7BD9E /* NSString+WOCreation.m in Sources */,
				BC585A130FEFF4D000F7BD9E /* NSString+WOFileUtilities.m in Sources */,
				BC585A140FEFF4D000F7BD9E /* WOLoginItem.m in Sources */,
				BC585A150FEFF4D000F7BD9E /* WOLoginItemList.m in Sources */,
				BC585A160FEFF4D000F7BD9E /* WOLogManager.m in Sources */,
				BC585A170FEFF4D000F7BD9E /* WOObject.m in Sources */,
				8DD76F9A0486AA7600D96B5E /* main.m in Sources */,
			);
			runOnlyForDeploymentPostprocessing = 0;
		};
/* End PBXSourcesBuildPhase section */

/* Begin XCBuildConfiguration section */
		BC5866EF0FF27CE400F7BD9E /* Debug */ = {
			isa = XCBuildConfiguration;
			buildSettings = {
				PRODUCT_NAME = "Update build numbers";
			};
			name = Debug;
		};
		BC5866F00FF27CE400F7BD9E /* Release */ = {
			isa = XCBuildConfiguration;
			buildSettings = {
				PRODUCT_NAME = "Update build numbers";
			};
			name = Release;
		};
		BC5FA4A20D06AF4F00A5957F /* Debug */ = {
			isa = XCBuildConfiguration;
			baseConfigurationReference = BC5FA4BB0D06B68200A5957F /* debug-style.xcconfig */;
			buildSettings = {
			};
			name = Debug;
		};
		BC5FA4A30D06AF4F00A5957F /* Release */ = {
			isa = XCBuildConfiguration;
			baseConfigurationReference = BC5FA4BD0D06B68200A5957F /* release-style.xcconfig */;
			buildSettings = {
			};
			name = Release;
		};
		BC5FA4A50D06AF4F00A5957F /* Debug */ = {
			isa = XCBuildConfiguration;
			baseConfigurationReference = BC5FA4BC0D06B68200A5957F /* foundation-tool-target.xcconfig */;
			buildSettings = {
				PRODUCT_NAME = "login-tool";
			};
			name = Debug;
		};
		BC5FA4A60D06AF4F00A5957F /* Release */ = {
			isa = XCBuildConfiguration;
			baseConfigurationReference = BC5FA4BC0D06B68200A5957F /* foundation-tool-target.xcconfig */;
			buildSettings = {
				PRODUCT_NAME = "login-tool";
			};
			name = Release;
		};
/* End XCBuildConfiguration section */

/* Begin XCConfigurationList section */
		BC5866F10FF27D1D00F7BD9E /* Build configuration list for PBXAggregateTarget "Update build numbers" */ = {
			isa = XCConfigurationList;
			buildConfigurations = (
				BC5866EF0FF27CE400F7BD9E /* Debug */,
				BC5866F00FF27CE400F7BD9E /* Release */,
			);
			defaultConfigurationIsVisible = 0;
			defaultConfigurationName = Release;
		};
		BC5FA4A80D06AF5000A5957F /* Build configuration list for PBXProject "login-tool" */ = {
			isa = XCConfigurationList;
			buildConfigurations = (
				BC5FA4A20D06AF4F00A5957F /* Debug */,
				BC5FA4A30D06AF4F00A5957F /* Release */,
			);
			defaultConfigurationIsVisible = 0;
			defaultConfigurationName = Release;
		};
		BC5FA4A90D06AF5000A5957F /* Build configuration list for PBXNativeTarget "login-tool" */ = {
			isa = XCConfigurationList;
			buildConfigurations = (
				BC5FA4A50D06AF4F00A5957F /* Debug */,
				BC5FA4A60D06AF4F00A5957F /* Release */,
			);
			defaultConfigurationIsVisible = 0;
			defaultConfigurationName = Release;
		};
/* End XCConfigurationList section */
	};
	rootObject = 08FB7793FE84155DC02AAC07 /* Project object */;
}
